
Microsoft Visual Studio Solution File, Format Version 12.00
# Visual Studio Version 17
VisualStudioVersion = 17.0.31903.59
MinimumVisualStudioVersion = 10.0.40219.1
Project("{FAE04EC0-301F-11D3-BF4B-00C04F79EFBC}") = "Slotwise.Domain", "Slotwise.Domain\Slotwise.Domain.csproj", "{7F5B6C8F-1E65-4D21-B42A-77B717960124}"
EndProject
Project("{FAE04EC0-301F-11D3-BF4B-00C04F79EFBC}") = "Slotwise.Application", "Slotwise.Application\Slotwise.Application.csproj", "{0D43B8CB-3B1B-4185-90BC-7A747ECCFB6F}"
EndProject
Project("{FAE04EC0-301F-11D3-BF4B-00C04F79EFBC}") = "Slotwise.Infrastructure", "Slotwise.Infrastructure\Slotwise.Infrastructure.csproj", "{C19CD23E-2FFC-417C-9640-AF471C25C751}"
EndProject
Project("{FAE04EC0-301F-11D3-BF4B-00C04F79EFBC}") = "Slotwise.API", "Slotwise.API\Slotwise.API.csproj", "{DA8F27BF-174D-4E02-8B68-8EA9D5FB2DB5}"
EndProject
Global
	GlobalSection(SolutionConfigurationPlatforms) = preSolution
		Debug|Any CPU = Debug|Any CPU
		Debug|x64 = Debug|x64
		Debug|x86 = Debug|x86
		Release|Any CPU = Release|Any CPU
		Release|x64 = Release|x64
		Release|x86 = Release|x86
	EndGlobalSection
	GlobalSection(ProjectConfigurationPlatforms) = postSolution
		{7F5B6C8F-1E65-4D21-B42A-77B717960124}.Debug|Any CPU.ActiveCfg = Debug|Any CPU
		{7F5B6C8F-1E65-4D21-B42A-77B717960124}.Debug|Any CPU.Build.0 = Debug|Any CPU
		{7F5B6C8F-1E65-4D21-B42A-77B717960124}.Debug|x64.ActiveCfg = Debug|Any CPU
		{7F5B6C8F-1E65-4D21-B42A-77B717960124}.Debug|x64.Build.0 = Debug|Any CPU
		{7F5B6C8F-1E65-4D21-B42A-77B717960124}.Debug|x86.ActiveCfg = Debug|Any CPU
		{7F5B6C8F-1E65-4D21-B42A-77B717960124}.Debug|x86.Build.0 = Debug|Any CPU
		{7F5B6C8F-1E65-4D21-B42A-77B717960124}.Release|Any CPU.ActiveCfg = Release|Any CPU
		{7F5B6C8F-1E65-4D21-B42A-77B717960124}.Release|Any CPU.Build.0 = Release|Any CPU
		{7F5B6C8F-1E65-4D21-B42A-77B717960124}.Release|x64.ActiveCfg = Release|Any CPU
		{7F5B6C8F-1E65-4D21-B42A-77B717960124}.Release|x64.Build.0 = Release|Any CPU
		{7F5B6C8F-1E65-4D21-B42A-77B717960124}.Release|x86.ActiveCfg = Release|Any CPU
		{7F5B6C8F-1E65-4D21-B42A-77B717960124}.Release|x86.Build.0 = Release|Any CPU
		{0D43B8CB-3B1B-4185-90BC-7A747ECCFB6F}.Debug|Any CPU.ActiveCfg = Debug|Any CPU
		{0D43B8CB-3B1B-4185-90BC-7A747ECCFB6F}.Debug|Any CPU.Build.0 = Debug|Any CPU
		{0D43B8CB-3B1B-4185-90BC-7A747ECCFB6F}.Debug|x64.ActiveCfg = Debug|Any CPU
		{0D43B8CB-3B1B-4185-90BC-7A747ECCFB6F}.Debug|x64.Build.0 = Debug|Any CPU
		{0D43B8CB-3B1B-4185-90BC-7A747ECCFB6F}.Debug|x86.ActiveCfg = Debug|Any CPU
		{0D43B8CB-3B1B-4185-90BC-7A747ECCFB6F}.Debug|x86.Build.0 = Debug|Any CPU
		{0D43B8CB-3B1B-4185-90BC-7A747ECCFB6F}.Release|Any CPU.ActiveCfg = Release|Any CPU
		{0D43B8CB-3B1B-4185-90BC-7A747ECCFB6F}.Release|Any CPU.Build.0 = Release|Any CPU
		{0D43B8CB-3B1B-4185-90BC-7A747ECCFB6F}.Release|x64.ActiveCfg = Release|Any CPU
		{0D43B8CB-3B1B-4185-90BC-7A747ECCFB6F}.Release|x64.Build.0 = Release|Any CPU
		{0D43B8CB-3B1B-4185-90BC-7A747ECCFB6F}.Release|x86.ActiveCfg = Release|Any CPU
		{0D43B8CB-3B1B-4185-90BC-7A747ECCFB6F}.Release|x86.Build.0 = Release|Any CPU
		{C19CD23E-2FFC-417C-9640-AF471C25C751}.Debug|Any CPU.ActiveCfg = Debug|Any CPU
		{C19CD23E-2FFC-417C-9640-AF471C25C751}.Debug|Any CPU.Build.0 = Debug|Any CPU
		{C19CD23E-2FFC-417C-9640-AF471C25C751}.Debug|x64.ActiveCfg = Debug|Any CPU
		{C19CD23E-2FFC-417C-9640-AF471C25C751}.Debug|x64.Build.0 = Debug|Any CPU
		{C19CD23E-2FFC-417C-9640-AF471C25C751}.Debug|x86.ActiveCfg = Debug|Any CPU
		{C19CD23E-2FFC-417C-9640-AF471C25C751}.Debug|x86.Build.0 = Debug|Any CPU
		{C19CD23E-2FFC-417C-9640-AF471C25C751}.Release|Any CPU.ActiveCfg = Release|Any CPU
		{C19CD23E-2FFC-417C-9640-AF471C25C751}.Release|Any CPU.Build.0 = Release|Any CPU
		{C19CD23E-2FFC-417C-9640-AF471C25C751}.Release|x64.ActiveCfg = Release|Any CPU
		{C19CD23E-2FFC-417C-9640-AF471C25C751}.Release|x64.Build.0 = Release|Any CPU
		{C19CD23E-2FFC-417C-9640-AF471C25C751}.Release|x86.ActiveCfg = Release|Any CPU
		{C19CD23E-2FFC-417C-9640-AF471C25C751}.Release|x86.Build.0 = Release|Any CPU
		{DA8F27BF-174D-4E02-8B68-8EA9D5FB2DB5}.Debug|Any CPU.ActiveCfg = Debug|Any CPU
		{DA8F27BF-174D-4E02-8B68-8EA9D5FB2DB5}.Debug|Any CPU.Build.0 = Debug|Any CPU
		{DA8F27BF-174D-4E02-8B68-8EA9D5FB2DB5}.Debug|x64.ActiveCfg = Debug|Any CPU
		{DA8F27BF-174D-4E02-8B68-8EA9D5FB2DB5}.Debug|x64.Build.0 = Debug|Any CPU
		{DA8F27BF-174D-4E02-8B68-8EA9D5FB2DB5}.Debug|x86.ActiveCfg = Debug|Any CPU
		{DA8F27BF-174D-4E02-8B68-8EA9D5FB2DB5}.Debug|x86.Build.0 = Debug|Any CPU
		{DA8F27BF-174D-4E02-8B68-8EA9D5FB2DB5}.Release|Any CPU.ActiveCfg = Release|Any CPU
		{DA8F27BF-174D-4E02-8B68-8EA9D5FB2DB5}.Release|Any CPU.Build.0 = Release|Any CPU
		{DA8F27BF-174D-4E02-8B68-8EA9D5FB2DB5}.Release|x64.ActiveCfg = Release|Any CPU
		{DA8F27BF-174D-4E02-8B68-8EA9D5FB2DB5}.Release|x64.Build.0 = Release|Any CPU
		{DA8F27BF-174D-4E02-8B68-8EA9D5FB2DB5}.Release|x86.ActiveCfg = Release|Any CPU
		{DA8F27BF-174D-4E02-8B68-8EA9D5FB2DB5}.Release|x86.Build.0 = Release|Any CPU
	EndGlobalSection
	GlobalSection(SolutionProperties) = preSolution
		HideSolutionNode = FALSE
	EndGlobalSection
	GlobalSection(ExtensibilityGlobals) = postSolution
		SolutionGuid = {328ADD37-2914-4BA8-A1CC-1364554D66E6}
	EndGlobalSection
EndGlobal
